
Microsoft Visual Studio Solution File, Format Version 12.00
# Visual Studio Version 17
VisualStudioVersion = 17.12.35527.113
MinimumVisualStudioVersion = 10.0.40219.1
Project("{8BC9CEB8-8B4A-11D0-8D11-00A0C91BC942}") = "Program", "Program\Program.vcxproj", "{21E7E138-3383-41D3-A935-FDB5038399F9}"
EndProject
Project("{8BC9CEB8-8B4A-11D0-8D11-00A0C91BC942}") = "Class1th (Time Complexity & Space Complexity)", "Class1th (Time Complexity & Space Complexity)\Class1th (Time Complexity & Space Complexity).vcxproj", "{0BAFFE6A-899A-4CF6-BCED-BF9F42049F92}"
EndProject
Project("{8BC9CEB8-8B4A-11D0-8D11-00A0C91BC942}") = "Class2th (Brute Force)", "Class2th (Brute Force)\Class2th (Brute Force).vcxproj", "{BAAC683E-8AFF-4AC7-BA9D-3D5F44C7FFAC}"
EndProject
Project("{8BC9CEB8-8B4A-11D0-8D11-00A0C91BC942}") = "Class3th (Bubble Sort)", "Class3th (Bubble Sort)\Class3th (Bubble Sort).vcxproj", "{3BC8CE73-1800-42C5-A839-58A33EFD4440}"
EndProject
Project("{8BC9CEB8-8B4A-11D0-8D11-00A0C91BC942}") = "Class4th (Select Sort)", "Class4th (Select Sort)\Class4th (Select Sort).vcxproj", "{47D4E05E-0A00-4F8C-A4EF-8F4127EE30D6}"
EndProject
Project("{8BC9CEB8-8B4A-11D0-8D11-00A0C91BC942}") = "Class5th (Insert Sort)", "Class5th (Insert Sort)\Class5th (Insert Sort).vcxproj", "{6EC527B9-2550-48F4-9DC5-887BECADDEEB}"
EndProject
Project("{8BC9CEB8-8B4A-11D0-8D11-00A0C91BC942}") = "Class6th (Euclidean)", "Class6th (Euclidean)\Class6th (Euclidean).vcxproj", "{8A75764C-D3F0-4376-A799-0325847624EE}"
EndProject
Project("{8BC9CEB8-8B4A-11D0-8D11-00A0C91BC942}") = "Class7th (Sieve of Eratosthenes)", "Class7th (Sieve of Eratosthenes)\Class7th (Sieve of Eratosthenes).vcxproj", "{6F1428AE-85B4-46E4-A142-9A73C28119F8}"
EndProject
Project("{8BC9CEB8-8B4A-11D0-8D11-00A0C91BC942}") = "Class8th (Count Sort)", "Class8th (Count Sort)\Class8th (Count Sort).vcxproj", "{294BB560-2084-4C04-AB12-347DCCD12FA1}"
EndProject
Project("{8BC9CEB8-8B4A-11D0-8D11-00A0C91BC942}") = "Class9th (Divide and Conquer)", "Class9th (Divide and Conquer)\Class9th (Divide and Conquer).vcxproj", "{D0E46FF2-D035-4270-BAD0-9FACD70287C6}"
EndProject
Project("{8BC9CEB8-8B4A-11D0-8D11-00A0C91BC942}") = "Class10th (Binary Search)", "Class10th (Binary Search)\Class10th (Binary Search).vcxproj", "{C9121306-B0C6-4DB9-AAD4-1C8FF74E1C48}"
EndProject
Project("{8BC9CEB8-8B4A-11D0-8D11-00A0C91BC942}") = "Class11th (Quick Sort)", "Class11th (Quick Sort)\Class11th (Quick Sort).vcxproj", "{94927404-6D4E-4726-9749-29182CB98448}"
EndProject
Project("{8BC9CEB8-8B4A-11D0-8D11-00A0C91BC942}") = "Class12th (Merge Sort)", "Class12th (Merge Sort)\Class12th (Merge Sort).vcxproj", "{5131AF3B-D4D6-4F15-9990-14EA184B534E}"
EndProject
Project("{8BC9CEB8-8B4A-11D0-8D11-00A0C91BC942}") = "Class13th (Dynamic Programming)", "Class13th (Dynamic Programming)\Class13th (Dynamic Programming).vcxproj", "{469F5B5C-A07F-4A5A-AC0B-12F0BF75BD9E}"
EndProject
Global
	GlobalSection(SolutionConfigurationPlatforms) = preSolution
		Debug|x64 = Debug|x64
		Debug|x86 = Debug|x86
		Release|x64 = Release|x64
		Release|x86 = Release|x86
	EndGlobalSection
	GlobalSection(ProjectConfigurationPlatforms) = postSolution
		{21E7E138-3383-41D3-A935-FDB5038399F9}.Debug|x64.ActiveCfg = Debug|x64
		{21E7E138-3383-41D3-A935-FDB5038399F9}.Debug|x64.Build.0 = Debug|x64
		{21E7E138-3383-41D3-A935-FDB5038399F9}.Debug|x86.ActiveCfg = Debug|Win32
		{21E7E138-3383-41D3-A935-FDB5038399F9}.Debug|x86.Build.0 = Debug|Win32
		{21E7E138-3383-41D3-A935-FDB5038399F9}.Release|x64.ActiveCfg = Release|x64
		{21E7E138-3383-41D3-A935-FDB5038399F9}.Release|x64.Build.0 = Release|x64
		{21E7E138-3383-41D3-A935-FDB5038399F9}.Release|x86.ActiveCfg = Release|Win32
		{21E7E138-3383-41D3-A935-FDB5038399F9}.Release|x86.Build.0 = Release|Win32
		{0BAFFE6A-899A-4CF6-BCED-BF9F42049F92}.Debug|x64.ActiveCfg = Debug|x64
		{0BAFFE6A-899A-4CF6-BCED-BF9F42049F92}.Debug|x64.Build.0 = Debug|x64
		{0BAFFE6A-899A-4CF6-BCED-BF9F42049F92}.Debug|x86.ActiveCfg = Debug|Win32
		{0BAFFE6A-899A-4CF6-BCED-BF9F42049F92}.Debug|x86.Build.0 = Debug|Win32
		{0BAFFE6A-899A-4CF6-BCED-BF9F42049F92}.Release|x64.ActiveCfg = Release|x64
		{0BAFFE6A-899A-4CF6-BCED-BF9F42049F92}.Release|x64.Build.0 = Release|x64
		{0BAFFE6A-899A-4CF6-BCED-BF9F42049F92}.Release|x86.ActiveCfg = Release|Win32
		{0BAFFE6A-899A-4CF6-BCED-BF9F42049F92}.Release|x86.Build.0 = Release|Win32
		{BAAC683E-8AFF-4AC7-BA9D-3D5F44C7FFAC}.Debug|x64.ActiveCfg = Debug|x64
		{BAAC683E-8AFF-4AC7-BA9D-3D5F44C7FFAC}.Debug|x64.Build.0 = Debug|x64
		{BAAC683E-8AFF-4AC7-BA9D-3D5F44C7FFAC}.Debug|x86.ActiveCfg = Debug|Win32
		{BAAC683E-8AFF-4AC7-BA9D-3D5F44C7FFAC}.Debug|x86.Build.0 = Debug|Win32
		{BAAC683E-8AFF-4AC7-BA9D-3D5F44C7FFAC}.Release|x64.ActiveCfg = Release|x64
		{BAAC683E-8AFF-4AC7-BA9D-3D5F44C7FFAC}.Release|x64.Build.0 = Release|x64
		{BAAC683E-8AFF-4AC7-BA9D-3D5F44C7FFAC}.Release|x86.ActiveCfg = Release|Win32
		{BAAC683E-8AFF-4AC7-BA9D-3D5F44C7FFAC}.Release|x86.Build.0 = Release|Win32
		{3BC8CE73-1800-42C5-A839-58A33EFD4440}.Debug|x64.ActiveCfg = Debug|x64
		{3BC8CE73-1800-42C5-A839-58A33EFD4440}.Debug|x64.Build.0 = Debug|x64
		{3BC8CE73-1800-42C5-A839-58A33EFD4440}.Debug|x86.ActiveCfg = Debug|Win32
		{3BC8CE73-1800-42C5-A839-58A33EFD4440}.Debug|x86.Build.0 = Debug|Win32
		{3BC8CE73-1800-42C5-A839-58A33EFD4440}.Release|x64.ActiveCfg = Release|x64
		{3BC8CE73-1800-42C5-A839-58A33EFD4440}.Release|x64.Build.0 = Release|x64
		{3BC8CE73-1800-42C5-A839-58A33EFD4440}.Release|x86.ActiveCfg = Release|Win32
		{3BC8CE73-1800-42C5-A839-58A33EFD4440}.Release|x86.Build.0 = Release|Win32
		{47D4E05E-0A00-4F8C-A4EF-8F4127EE30D6}.Debug|x64.ActiveCfg = Debug|x64
		{47D4E05E-0A00-4F8C-A4EF-8F4127EE30D6}.Debug|x64.Build.0 = Debug|x64
		{47D4E05E-0A00-4F8C-A4EF-8F4127EE30D6}.Debug|x86.ActiveCfg = Debug|Win32
		{47D4E05E-0A00-4F8C-A4EF-8F4127EE30D6}.Debug|x86.Build.0 = Debug|Win32
		{47D4E05E-0A00-4F8C-A4EF-8F4127EE30D6}.Release|x64.ActiveCfg = Release|x64
		{47D4E05E-0A00-4F8C-A4EF-8F4127EE30D6}.Release|x64.Build.0 = Release|x64
		{47D4E05E-0A00-4F8C-A4EF-8F4127EE30D6}.Release|x86.ActiveCfg = Release|Win32
		{47D4E05E-0A00-4F8C-A4EF-8F4127EE30D6}.Release|x86.Build.0 = Release|Win32
		{6EC527B9-2550-48F4-9DC5-887BECADDEEB}.Debug|x64.ActiveCfg = Debug|x64
		{6EC527B9-2550-48F4-9DC5-887BECADDEEB}.Debug|x64.Build.0 = Debug|x64
		{6EC527B9-2550-48F4-9DC5-887BECADDEEB}.Debug|x86.ActiveCfg = Debug|Win32
		{6EC527B9-2550-48F4-9DC5-887BECADDEEB}.Debug|x86.Build.0 = Debug|Win32
		{6EC527B9-2550-48F4-9DC5-887BECADDEEB}.Release|x64.ActiveCfg = Release|x64
		{6EC527B9-2550-48F4-9DC5-887BECADDEEB}.Release|x64.Build.0 = Release|x64
		{6EC527B9-2550-48F4-9DC5-887BECADDEEB}.Release|x86.ActiveCfg = Release|Win32
		{6EC527B9-2550-48F4-9DC5-887BECADDEEB}.Release|x86.Build.0 = Release|Win32
		{8A75764C-D3F0-4376-A799-0325847624EE}.Debug|x64.ActiveCfg = Debug|x64
		{8A75764C-D3F0-4376-A799-0325847624EE}.Debug|x64.Build.0 = Debug|x64
		{8A75764C-D3F0-4376-A799-0325847624EE}.Debug|x86.ActiveCfg = Debug|Win32
		{8A75764C-D3F0-4376-A799-0325847624EE}.Debug|x86.Build.0 = Debug|Win32
		{8A75764C-D3F0-4376-A799-0325847624EE}.Release|x64.ActiveCfg = Release|x64
		{8A75764C-D3F0-4376-A799-0325847624EE}.Release|x64.Build.0 = Release|x64
		{8A75764C-D3F0-4376-A799-0325847624EE}.Release|x86.ActiveCfg = Release|Win32
		{8A75764C-D3F0-4376-A799-0325847624EE}.Release|x86.Build.0 = Release|Win32
		{6F1428AE-85B4-46E4-A142-9A73C28119F8}.Debug|x64.ActiveCfg = Debug|x64
		{6F1428AE-85B4-46E4-A142-9A73C28119F8}.Debug|x64.Build.0 = Debug|x64
		{6F1428AE-85B4-46E4-A142-9A73C28119F8}.Debug|x86.ActiveCfg = Debug|Win32
		{6F1428AE-85B4-46E4-A142-9A73C28119F8}.Debug|x86.Build.0 = Debug|Win32
		{6F1428AE-85B4-46E4-A142-9A73C28119F8}.Release|x64.ActiveCfg = Release|x64
		{6F1428AE-85B4-46E4-A142-9A73C28119F8}.Release|x64.Build.0 = Release|x64
		{6F1428AE-85B4-46E4-A142-9A73C28119F8}.Release|x86.ActiveCfg = Release|Win32
		{6F1428AE-85B4-46E4-A142-9A73C28119F8}.Release|x86.Build.0 = Release|Win32
		{294BB560-2084-4C04-AB12-347DCCD12FA1}.Debug|x64.ActiveCfg = Debug|x64
		{294BB560-2084-4C04-AB12-347DCCD12FA1}.Debug|x64.Build.0 = Debug|x64
		{294BB560-2084-4C04-AB12-347DCCD12FA1}.Debug|x86.ActiveCfg = Debug|Win32
		{294BB560-2084-4C04-AB12-347DCCD12FA1}.Debug|x86.Build.0 = Debug|Win32
		{294BB560-2084-4C04-AB12-347DCCD12FA1}.Release|x64.ActiveCfg = Release|x64
		{294BB560-2084-4C04-AB12-347DCCD12FA1}.Release|x64.Build.0 = Release|x64
		{294BB560-2084-4C04-AB12-347DCCD12FA1}.Release|x86.ActiveCfg = Release|Win32
		{294BB560-2084-4C04-AB12-347DCCD12FA1}.Release|x86.Build.0 = Release|Win32
		{D0E46FF2-D035-4270-BAD0-9FACD70287C6}.Debug|x64.ActiveCfg = Debug|x64
		{D0E46FF2-D035-4270-BAD0-9FACD70287C6}.Debug|x64.Build.0 = Debug|x64
		{D0E46FF2-D035-4270-BAD0-9FACD70287C6}.Debug|x86.ActiveCfg = Debug|Win32
		{D0E46FF2-D035-4270-BAD0-9FACD70287C6}.Debug|x86.Build.0 = Debug|Win32
		{D0E46FF2-D035-4270-BAD0-9FACD70287C6}.Release|x64.ActiveCfg = Release|x64
		{D0E46FF2-D035-4270-BAD0-9FACD70287C6}.Release|x64.Build.0 = Release|x64
		{D0E46FF2-D035-4270-BAD0-9FACD70287C6}.Release|x86.ActiveCfg = Release|Win32
		{D0E46FF2-D035-4270-BAD0-9FACD70287C6}.Release|x86.Build.0 = Release|Win32
		{C9121306-B0C6-4DB9-AAD4-1C8FF74E1C48}.Debug|x64.ActiveCfg = Debug|x64
		{C9121306-B0C6-4DB9-AAD4-1C8FF74E1C48}.Debug|x64.Build.0 = Debug|x64
		{C9121306-B0C6-4DB9-AAD4-1C8FF74E1C48}.Debug|x86.ActiveCfg = Debug|Win32
		{C9121306-B0C6-4DB9-AAD4-1C8FF74E1C48}.Debug|x86.Build.0 = Debug|Win32
		{C9121306-B0C6-4DB9-AAD4-1C8FF74E1C48}.Release|x64.ActiveCfg = Release|x64
		{C9121306-B0C6-4DB9-AAD4-1C8FF74E1C48}.Release|x64.Build.0 = Release|x64
		{C9121306-B0C6-4DB9-AAD4-1C8FF74E1C48}.Release|x86.ActiveCfg = Release|Win32
		{C9121306-B0C6-4DB9-AAD4-1C8FF74E1C48}.Release|x86.Build.0 = Release|Win32
		{94927404-6D4E-4726-9749-29182CB98448}.Debug|x64.ActiveCfg = Debug|x64
		{94927404-6D4E-4726-9749-29182CB98448}.Debug|x64.Build.0 = Debug|x64
		{94927404-6D4E-4726-9749-29182CB98448}.Debug|x86.ActiveCfg = Debug|Win32
		{94927404-6D4E-4726-9749-29182CB98448}.Debug|x86.Build.0 = Debug|Win32
		{94927404-6D4E-4726-9749-29182CB98448}.Release|x64.ActiveCfg = Release|x64
		{94927404-6D4E-4726-9749-29182CB98448}.Release|x64.Build.0 = Release|x64
		{94927404-6D4E-4726-9749-29182CB98448}.Release|x86.ActiveCfg = Release|Win32
		{94927404-6D4E-4726-9749-29182CB98448}.Release|x86.Build.0 = Release|Win32
		{5131AF3B-D4D6-4F15-9990-14EA184B534E}.Debug|x64.ActiveCfg = Debug|x64
		{5131AF3B-D4D6-4F15-9990-14EA184B534E}.Debug|x64.Build.0 = Debug|x64
		{5131AF3B-D4D6-4F15-9990-14EA184B534E}.Debug|x86.ActiveCfg = Debug|Win32
		{5131AF3B-D4D6-4F15-9990-14EA184B534E}.Debug|x86.Build.0 = Debug|Win32
		{5131AF3B-D4D6-4F15-9990-14EA184B534E}.Release|x64.ActiveCfg = Release|x64
		{5131AF3B-D4D6-4F15-9990-14EA184B534E}.Release|x64.Build.0 = Release|x64
		{5131AF3B-D4D6-4F15-9990-14EA184B534E}.Release|x86.ActiveCfg = Release|Win32
		{5131AF3B-D4D6-4F15-9990-14EA184B534E}.Release|x86.Build.0 = Release|Win32
		{469F5B5C-A07F-4A5A-AC0B-12F0BF75BD9E}.Debug|x64.ActiveCfg = Debug|x64
		{469F5B5C-A07F-4A5A-AC0B-12F0BF75BD9E}.Debug|x64.Build.0 = Debug|x64
		{469F5B5C-A07F-4A5A-AC0B-12F0BF75BD9E}.Debug|x86.ActiveCfg = Debug|Win32
		{469F5B5C-A07F-4A5A-AC0B-12F0BF75BD9E}.Debug|x86.Build.0 = Debug|Win32
		{469F5B5C-A07F-4A5A-AC0B-12F0BF75BD9E}.Release|x64.ActiveCfg = Release|x64
		{469F5B5C-A07F-4A5A-AC0B-12F0BF75BD9E}.Release|x64.Build.0 = Release|x64
		{469F5B5C-A07F-4A5A-AC0B-12F0BF75BD9E}.Release|x86.ActiveCfg = Release|Win32
		{469F5B5C-A07F-4A5A-AC0B-12F0BF75BD9E}.Release|x86.Build.0 = Release|Win32
	EndGlobalSection
	GlobalSection(SolutionProperties) = preSolution
		HideSolutionNode = FALSE
	EndGlobalSection
EndGlobal
